
Microsoft Visual Studio Solution File, Format Version 12.00
# Visual Studio Version 17
VisualStudioVersion = 17.9.34701.34
MinimumVisualStudioVersion = 10.0.40219.1
Project("{FAE04EC0-301F-11D3-BF4B-00C04F79EFBC}") = "FoulBot.Api", "FoulBot.Api\FoulBot.Api.csproj", "{B3A28CA2-EFF3-40CC-AB6D-D7E5D9F9419A}"
EndProject
Global
	GlobalSection(SolutionConfigurationPlatforms) = preSolution
		Debug|Any CPU = Debug|Any CPU
		Release|Any CPU = Release|Any CPU
	EndGlobalSection
	GlobalSection(ProjectConfigurationPlatforms) = postSolution
		{B3A28CA2-EFF3-40CC-AB6D-D7E5D9F9419A}.Debug|Any CPU.ActiveCfg = Debug|Any CPU
		{B3A28CA2-EFF3-40CC-AB6D-D7E5D9F9419A}.Debug|Any CPU.Build.0 = Debug|Any CPU
		{B3A28CA2-EFF3-40CC-AB6D-D7E5D9F9419A}.Release|Any CPU.ActiveCfg = Release|Any CPU
		{B3A28CA2-EFF3-40CC-AB6D-D7E5D9F9419A}.Release|Any CPU.Build.0 = Release|Any CPU
	EndGlobalSection
	GlobalSection(SolutionProperties) = preSolution
		HideSolutionNode = FALSE
	EndGlobalSection
	GlobalSection(ExtensibilityGlobals) = postSolution
		SolutionGuid = {5E31C1DA-04B5-4ACF-9242-5DF59FC493E8}
	EndGlobalSection
EndGlobal
